
Microsoft Visual Studio Solution File, Format Version 12.00
# Visual Studio Version 17
VisualStudioVersion = 17.7.34031.279
MinimumVisualStudioVersion = 10.0.40219.1
Project("{FAE04EC0-301F-11D3-BF4B-00C04F79EFBC}") = "Notepad 1.0", "Notepad 1.0\Notepad 1.0.csproj", "{7306A482-64A5-41EA-A2DC-C32E2B09140C}"
EndProject
Global
	GlobalSection(SolutionConfigurationPlatforms) = preSolution
		Debug|Any CPU = Debug|Any CPU
		Release|Any CPU = Release|Any CPU
	EndGlobalSection
	GlobalSection(ProjectConfigurationPlatforms) = postSolution
		{7306A482-64A5-41EA-A2DC-C32E2B09140C}.Debug|Any CPU.ActiveCfg = Debug|Any CPU
		{7306A482-64A5-41EA-A2DC-C32E2B09140C}.Debug|Any CPU.Build.0 = Debug|Any CPU
		{7306A482-64A5-41EA-A2DC-C32E2B09140C}.Release|Any CPU.ActiveCfg = Release|Any CPU
		{7306A482-64A5-41EA-A2DC-C32E2B09140C}.Release|Any CPU.Build.0 = Release|Any CPU
	EndGlobalSection
	GlobalSection(SolutionProperties) = preSolution
		HideSolutionNode = FALSE
	EndGlobalSection
	GlobalSection(ExtensibilityGlobals) = postSolution
		SolutionGuid = {889BFFC5-6102-4863-A5EF-E9C8618A2D88}
	EndGlobalSection
EndGlobal
